
Microsoft Visual Studio Solution File, Format Version 12.00
# Visual Studio Version 17
VisualStudioVersion = 17.2.32630.192
MinimumVisualStudioVersion = 10.0.40219.1
Project("{2150E333-8FDC-42A3-9474-1A3956D46DE8}") = "Web", "Web", "{902B58F1-2CB7-4EEE-BA5D-F0401C74BCB7}"
EndProject
Project("{2150E333-8FDC-42A3-9474-1A3956D46DE8}") = "Application", "Application", "{45D4AF7B-2A2C-4982-BAE6-5F97D796FAD8}"
EndProject
Project("{2150E333-8FDC-42A3-9474-1A3956D46DE8}") = "DataLayer", "DataLayer", "{A8F5A8A5-820C-457E-B642-39E29FE52B3D}"
EndProject
Project("{2150E333-8FDC-42A3-9474-1A3956D46DE8}") = "Src", "Src", "{190B8A57-9F83-4373-9159-5A7E41E5D265}"
EndProject
Project("{FAE04EC0-301F-11D3-BF4B-00C04F79EFBC}") = "MarketPlaceWeb", "MarketPlaceWeb\MarketPlaceWeb.csproj", "{2921A7F7-BF2D-4B5E-8DEF-3540CF3D6425}"
EndProject
Project("{FAE04EC0-301F-11D3-BF4B-00C04F79EFBC}") = "DataLayer", "DataLayer\DataLayer.csproj", "{6A71B9BB-8AE9-4C02-B206-EF95D0084035}"
EndProject
Project("{FAE04EC0-301F-11D3-BF4B-00C04F79EFBC}") = "Application", "Application\Application.csproj", "{4F65B5DE-209A-4D46-90C0-261DB96D7B23}"
EndProject
Global
	GlobalSection(SolutionConfigurationPlatforms) = preSolution
		Debug|Any CPU = Debug|Any CPU
		Release|Any CPU = Release|Any CPU
	EndGlobalSection
	GlobalSection(ProjectConfigurationPlatforms) = postSolution
		{2921A7F7-BF2D-4B5E-8DEF-3540CF3D6425}.Debug|Any CPU.ActiveCfg = Debug|Any CPU
		{2921A7F7-BF2D-4B5E-8DEF-3540CF3D6425}.Debug|Any CPU.Build.0 = Debug|Any CPU
		{2921A7F7-BF2D-4B5E-8DEF-3540CF3D6425}.Release|Any CPU.ActiveCfg = Release|Any CPU
		{2921A7F7-BF2D-4B5E-8DEF-3540CF3D6425}.Release|Any CPU.Build.0 = Release|Any CPU
		{6A71B9BB-8AE9-4C02-B206-EF95D0084035}.Debug|Any CPU.ActiveCfg = Debug|Any CPU
		{6A71B9BB-8AE9-4C02-B206-EF95D0084035}.Debug|Any CPU.Build.0 = Debug|Any CPU
		{6A71B9BB-8AE9-4C02-B206-EF95D0084035}.Release|Any CPU.ActiveCfg = Release|Any CPU
		{6A71B9BB-8AE9-4C02-B206-EF95D0084035}.Release|Any CPU.Build.0 = Release|Any CPU
		{4F65B5DE-209A-4D46-90C0-261DB96D7B23}.Debug|Any CPU.ActiveCfg = Debug|Any CPU
		{4F65B5DE-209A-4D46-90C0-261DB96D7B23}.Debug|Any CPU.Build.0 = Debug|Any CPU
		{4F65B5DE-209A-4D46-90C0-261DB96D7B23}.Release|Any CPU.ActiveCfg = Release|Any CPU
		{4F65B5DE-209A-4D46-90C0-261DB96D7B23}.Release|Any CPU.Build.0 = Release|Any CPU
	EndGlobalSection
	GlobalSection(SolutionProperties) = preSolution
		HideSolutionNode = FALSE
	EndGlobalSection
	GlobalSection(NestedProjects) = preSolution
		{902B58F1-2CB7-4EEE-BA5D-F0401C74BCB7} = {190B8A57-9F83-4373-9159-5A7E41E5D265}
		{45D4AF7B-2A2C-4982-BAE6-5F97D796FAD8} = {190B8A57-9F83-4373-9159-5A7E41E5D265}
		{A8F5A8A5-820C-457E-B642-39E29FE52B3D} = {190B8A57-9F83-4373-9159-5A7E41E5D265}
		{2921A7F7-BF2D-4B5E-8DEF-3540CF3D6425} = {902B58F1-2CB7-4EEE-BA5D-F0401C74BCB7}
		{6A71B9BB-8AE9-4C02-B206-EF95D0084035} = {A8F5A8A5-820C-457E-B642-39E29FE52B3D}
		{4F65B5DE-209A-4D46-90C0-261DB96D7B23} = {45D4AF7B-2A2C-4982-BAE6-5F97D796FAD8}
	EndGlobalSection
	GlobalSection(ExtensibilityGlobals) = postSolution
		SolutionGuid = {F415552A-7031-4151-9783-C5AEADA7A920}
	EndGlobalSection
EndGlobal
